# This file was autogenerated by Stack.
# You should not edit this file by hand.
# For more information, please see the documentation at:
#   https://docs.haskellstack.org/en/stable/lock_files

packages:
- completed:
    size: 682410
    url: https://github.com/AccelerateHS/accelerate/archive/6a64aad541485fe42eada0d7620816f3cd9c29ac.tar.gz
    name: accelerate
    version: 1.3.0.0
    sha256: 997c62bff8bcd95e1a1172438c1f789543238089e210c6918d35ebfd921f6fef
    pantry-tree:
      size: 16379
      sha256: 86c30e723216d6877728cc56ae9279976db726e192c45f78fa2390875d3d2ed8
  original:
    url: https://github.com/AccelerateHS/accelerate/archive/6a64aad541485fe42eada0d7620816f3cd9c29ac.tar.gz
- completed:
    size: 265711
    subdir: accelerate-llvm
    url: https://github.com/AccelerateHS/accelerate-llvm/archive/dc6b62b555fc8db9c2745eb7db7fada063f5d58e.tar.gz
    name: accelerate-llvm
    version: 1.3.0.0
    sha256: f2247752f7d103a78c7ff784fc1cec1eee36d34dcbbf516af6fc41550a061cf7
    pantry-tree:
      size: 5598
      sha256: 62c26a78ce535349df167cabf58eabed4c693db7d2a5de4d756af85187737970
  original:
    subdir: accelerate-llvm
    url: https://github.com/AccelerateHS/accelerate-llvm/archive/dc6b62b555fc8db9c2745eb7db7fada063f5d58e.tar.gz
- completed:
    size: 265711
    subdir: accelerate-llvm-native
    url: https://github.com/AccelerateHS/accelerate-llvm/archive/dc6b62b555fc8db9c2745eb7db7fada063f5d58e.tar.gz
    name: accelerate-llvm-native
    version: 1.3.0.0
    sha256: f2247752f7d103a78c7ff784fc1cec1eee36d34dcbbf516af6fc41550a061cf7
    pantry-tree:
      size: 4693
      sha256: b4821c2627419f6d0e728255c484969673a2068f6a4746d61aa7795b04ba30db
  original:
    subdir: accelerate-llvm-native
    url: https://github.com/AccelerateHS/accelerate-llvm/archive/dc6b62b555fc8db9c2745eb7db7fada063f5d58e.tar.gz
snapshots:
- completed:
    size: 562267
    url: https://raw.githubusercontent.com/commercialhaskell/stackage-snapshots/master/nightly/2021/1/10.yaml
    sha256: 9e39510437161f009d0e61c6e07d40350efce72cf9f71931bb89804b9d86d010
  original: nightly-2021-01-10
